
Microsoft Visual Studio Solution File, Format Version 12.00
# Visual Studio Version 17
VisualStudioVersion = 17.7.34024.191
MinimumVisualStudioVersion = 10.0.40219.1
Project("{FAE04EC0-301F-11D3-BF4B-00C04F79EFBC}") = "ReolMarkedet", "ReolMarkedet\ReolMarkedet.csproj", "{44849059-6BB5-4102-8842-B5E00A79E56B}"
EndProject
Global
	GlobalSection(SolutionConfigurationPlatforms) = preSolution
		Debug|Any CPU = Debug|Any CPU
		Release|Any CPU = Release|Any CPU
	EndGlobalSection
	GlobalSection(ProjectConfigurationPlatforms) = postSolution
		{44849059-6BB5-4102-8842-B5E00A79E56B}.Debug|Any CPU.ActiveCfg = Debug|Any CPU
		{44849059-6BB5-4102-8842-B5E00A79E56B}.Debug|Any CPU.Build.0 = Debug|Any CPU
		{44849059-6BB5-4102-8842-B5E00A79E56B}.Release|Any CPU.ActiveCfg = Release|Any CPU
		{44849059-6BB5-4102-8842-B5E00A79E56B}.Release|Any CPU.Build.0 = Release|Any CPU
	EndGlobalSection
	GlobalSection(SolutionProperties) = preSolution
		HideSolutionNode = FALSE
	EndGlobalSection
	GlobalSection(ExtensibilityGlobals) = postSolution
		SolutionGuid = {8ED57B34-5D88-4075-BB8D-2C9DE0B37B28}
	EndGlobalSection
EndGlobal
